// !$*UTF8*$!
{
	archiveVersion = 1;
	classes = {
	};
	objectVersion = 50;
	objects = {

/* Begin PBXBuildFile section */
		633CD5EE2083F17100B48E02 /* AboutViewController.swift in Sources */ = {isa = PBXBuildFile; fileRef = 633CD5ED2083F17100B48E02 /* AboutViewController.swift */; };
		633CD5F02083F22800B48E02 /* ReviewViewController.swift in Sources */ = {isa = PBXBuildFile; fileRef = 633CD5EF2083F22800B48E02 /* ReviewViewController.swift */; };
		638614E8208357E300F43AE1 /* AppDelegate.swift in Sources */ = {isa = PBXBuildFile; fileRef = 638614E7208357E300F43AE1 /* AppDelegate.swift */; };
		638614ED208357E300F43AE1 /* Main.storyboard in Resources */ = {isa = PBXBuildFile; fileRef = 638614EB208357E300F43AE1 /* Main.storyboard */; };
		638614F0208357E300F43AE1 /* Texas_A_M_Kingsville.xcdatamodeld in Sources */ = {isa = PBXBuildFile; fileRef = 638614EE208357E300F43AE1 /* Texas_A_M_Kingsville.xcdatamodeld */; };
		638614F2208357E600F43AE1 /* Assets.xcassets in Resources */ = {isa = PBXBuildFile; fileRef = 638614F1208357E600F43AE1 /* Assets.xcassets */; };
		638614F5208357E600F43AE1 /* LaunchScreen.storyboard in Resources */ = {isa = PBXBuildFile; fileRef = 638614F3208357E600F43AE1 /* LaunchScreen.storyboard */; };
		638614FF208358B900F43AE1 /* SWRevealViewController.m in Sources */ = {isa = PBXBuildFile; fileRef = 638614FD208358B900F43AE1 /* SWRevealViewController.m */; };
		6386150120835A1700F43AE1 /* ViewController.swift in Sources */ = {isa = PBXBuildFile; fileRef = 6386150020835A1700F43AE1 /* ViewController.swift */; };
		638615032083745300F43AE1 /* ThemeViewController.swift in Sources */ = {isa = PBXBuildFile; fileRef = 638615022083745300F43AE1 /* ThemeViewController.swift */; };
/* End PBXBuildFile section */

/* Begin PBXFileReference section */
		633CD5ED2083F17100B48E02 /* AboutViewController.swift */ = {isa = PBXFileReference; lastKnownFileType = sourcecode.swift; path = AboutViewController.swift; sourceTree = "<group>"; };
		633CD5EF2083F22800B48E02 /* ReviewViewController.swift */ = {isa = PBXFileReference; lastKnownFileType = sourcecode.swift; path = ReviewViewController.swift; sourceTree = "<group>"; };
		638614E4208357E300F43AE1 /* Texas A&M Kingsville.app */ = {isa = PBXFileReference; explicitFileType = wrapper.application; includeInIndex = 0; path = "Texas A&M Kingsville.app"; sourceTree = BUILT_PRODUCTS_DIR; };
		638614E7208357E300F43AE1 /* AppDelegate.swift */ = {isa = PBXFileReference; lastKnownFileType = sourcecode.swift; path = AppDelegate.swift; sourceTree = "<group>"; };
		638614EC208357E300F43AE1 /* Base */ = {isa = PBXFileReference; lastKnownFileType = file.storyboard; name = Base; path = Base.lproj/Main.storyboard; sourceTree = "<group>"; };
		638614EF208357E300F43AE1 /* Texas_A_M_Kingsville.xcdatamodel */ = {isa = PBXFileReference; lastKnownFileType = wrapper.xcdatamodel; path = Texas_A_M_Kingsville.xcdatamodel; sourceTree = "<group>"; };
		638614F1208357E600F43AE1 /* Assets.xcassets */ = {isa = PBXFileReference; lastKnownFileType = folder.assetcatalog; path = Assets.xcassets; sourceTree = "<group>"; };
		638614F4208357E600F43AE1 /* Base */ = {isa = PBXFileReference; lastKnownFileType = file.storyboard; name = Base; path = Base.lproj/LaunchScreen.storyboard; sourceTree = "<group>"; };
		638614F6208357E600F43AE1 /* Info.plist */ = {isa = PBXFileReference; lastKnownFileType = text.plist.xml; path = Info.plist; sourceTree = "<group>"; };
		638614FC208358B800F43AE1 /* Texas A&M Kingsville-Bridging-Header.h */ = {isa = PBXFileReference; lastKnownFileType = sourcecode.c.h; path = "Texas A&M Kingsville-Bridging-Header.h"; sourceTree = "<group>"; };
		638614FD208358B900F43AE1 /* SWRevealViewController.m */ = {isa = PBXFileReference; fileEncoding = 4; lastKnownFileType = sourcecode.c.objc; path = SWRevealViewController.m; sourceTree = "<group>"; };
		638614FE208358B900F43AE1 /* SWRevealViewController.h */ = {isa = PBXFileReference; fileEncoding = 4; lastKnownFileType = sourcecode.c.h; path = SWRevealViewController.h; sourceTree = "<group>"; };
		6386150020835A1700F43AE1 /* ViewController.swift */ = {isa = PBXFileReference; lastKnownFileType = sourcecode.swift; path = ViewController.swift; sourceTree = "<group>"; };
		638615022083745300F43AE1 /* ThemeViewController.swift */ = {isa = PBXFileReference; lastKnownFileType = sourcecode.swift; path = ThemeViewController.swift; sourceTree = "<group>"; };
/* End PBXFileReference section */

/* Begin PBXFrameworksBuildPhase section */
		638614E1208357E300F43AE1 /* Frameworks */ = {
			isa = PBXFrameworksBuildPhase;
			buildActionMask = 2147483647;
			files = (
			);
			runOnlyForDeploymentPostprocessing = 0;
		};
/* End PBXFrameworksBuildPhase section */

/* Begin PBXGroup section */
		638614DB208357E300F43AE1 = {
			isa = PBXGroup;
			children = (
				638614E6208357E300F43AE1 /* Texas A&M Kingsville */,
				638614E5208357E300F43AE1 /* Products */,
			);
			sourceTree = "<group>";
		};
		638614E5208357E300F43AE1 /* Products */ = {
			isa = PBXGroup;
			children = (
				638614E4208357E300F43AE1 /* Texas A&M Kingsville.app */,
			);
			name = Products;
			sourceTree = "<group>";
		};
		638614E6208357E300F43AE1 /* Texas A&M Kingsville */ = {
			isa = PBXGroup;
			children = (
				638614E7208357E300F43AE1 /* AppDelegate.swift */,
				633CD5EF2083F22800B48E02 /* ReviewViewController.swift */,
				6386150020835A1700F43AE1 /* ViewController.swift */,
				638614FE208358B900F43AE1 /* SWRevealViewController.h */,
				633CD5ED2083F17100B48E02 /* AboutViewController.swift */,
				638615022083745300F43AE1 /* ThemeViewController.swift */,
				638614FD208358B900F43AE1 /* SWRevealViewController.m */,
				638614EB208357E300F43AE1 /* Main.storyboard */,
				638614F1208357E600F43AE1 /* Assets.xcassets */,
				638614F3208357E600F43AE1 /* LaunchScreen.storyboard */,
				638614F6208357E600F43AE1 /* Info.plist */,
				638614EE208357E300F43AE1 /* Texas_A_M_Kingsville.xcdatamodeld */,
				638614FC208358B800F43AE1 /* Texas A&M Kingsville-Bridging-Header.h */,
			);
			path = "Texas A&M Kingsville";
			sourceTree = "<group>";
		};
/* End PBXGroup section */

/* Begin PBXNativeTarget section */
		638614E3208357E300F43AE1 /* Texas A&M Kingsville */ = {
			isa = PBXNativeTarget;
			buildConfigurationList = 638614F9208357E600F43AE1 /* Build configuration list for PBXNativeTarget "Texas A&M Kingsville" */;
			buildPhases = (
				638614E0208357E300F43AE1 /* Sources */,
				638614E1208357E300F43AE1 /* Frameworks */,
				638614E2208357E300F43AE1 /* Resources */,
			);
			buildRules = (
			);
			dependencies = (
			);
			name = "Texas A&M Kingsville";
			productName = "Texas A&M Kingsville";
			productReference = 638614E4208357E300F43AE1 /* Texas A&M Kingsville.app */;
			productType = "com.apple.product-type.application";
		};
/* End PBXNativeTarget section */

/* Begin PBXProject section */
		638614DC208357E300F43AE1 /* Project object */ = {
			isa = PBXProject;
			attributes = {
				LastSwiftUpdateCheck = 0930;
				LastUpgradeCheck = 0930;
				ORGANIZATIONNAME = SimplySolutions;
				TargetAttributes = {
					638614E3208357E300F43AE1 = {
						CreatedOnToolsVersion = 9.3;
						LastSwiftMigration = 0930;
					};
				};
			};
			buildConfigurationList = 638614DF208357E300F43AE1 /* Build configuration list for PBXProject "Texas A&M Kingsville" */;
			compatibilityVersion = "Xcode 9.3";
			developmentRegion = en;
			hasScannedForEncodings = 0;
			knownRegions = (
				en,
				Base,
			);
			mainGroup = 638614DB208357E300F43AE1;
			productRefGroup = 638614E5208357E300F43AE1 /* Products */;
			projectDirPath = "";
			projectRoot = "";
			targets = (
				638614E3208357E300F43AE1 /* Texas A&M Kingsville */,
			);
		};
/* End PBXProject section */

/* Begin PBXResourcesBuildPhase section */
		638614E2208357E300F43AE1 /* Resources */ = {
			isa = PBXResourcesBuildPhase;
			buildActionMask = 2147483647;
			files = (
				638614F5208357E600F43AE1 /* LaunchScreen.storyboard in Resources */,
				638614F2208357E600F43AE1 /* Assets.xcassets in Resources */,
				638614ED208357E300F43AE1 /* Main.storyboard in Resources */,
			);
			runOnlyForDeploymentPostprocessing = 0;
		};
/* End PBXResourcesBuildPhase section */

/* Begin PBXSourcesBuildPhase section */
		638614E0208357E300F43AE1 /* Sources */ = {
			isa = PBXSourcesBuildPhase;
			buildActionMask = 2147483647;
			files = (
				633CD5EE2083F17100B48E02 /* AboutViewController.swift in Sources */,
				638615032083745300F43AE1 /* ThemeViewController.swift in Sources */,
				633CD5F02083F22800B48E02 /* ReviewViewController.swift in Sources */,
				638614E8208357E300F43AE1 /* AppDelegate.swift in Sources */,
				638614F0208357E300F43AE1 /* Texas_A_M_Kingsville.xcdatamodeld in Sources */,
				6386150120835A1700F43AE1 /* ViewController.swift in Sources */,
				638614FF208358B900F43AE1 /* SWRevealViewController.m in Sources */,
			);
			runOnlyForDeploymentPostprocessing = 0;
		};
/* End PBXSourcesBuildPhase section */

/* Begin PBXVariantGroup section */
		638614EB208357E300F43AE1 /* Main.storyboard */ = {
			isa = PBXVariantGroup;
			children = (
				638614EC208357E300F43AE1 /* Base */,
			);
			name = Main.storyboard;
			sourceTree = "<group>";
		};
		638614F3208357E600F43AE1 /* LaunchScreen.storyboard */ = {
			isa = PBXVariantGroup;
			children = (
				638614F4208357E600F43AE1 /* Base */,
			);
			name = LaunchScreen.storyboard;
			sourceTree = "<group>";
		};
/* End PBXVariantGroup section */

/* Begin XCBuildConfiguration section */
		638614F7208357E600F43AE1 /* Debug */ = {
			isa = XCBuildConfiguration;
			buildSettings = {
				ALWAYS_SEARCH_USER_PATHS = NO;
				CLANG_ANALYZER_NONNULL = YES;
				CLANG_ANALYZER_NUMBER_OBJECT_CONVERSION = YES_AGGRESSIVE;
				CLANG_CXX_LANGUAGE_STANDARD = "gnu++14";
				CLANG_CXX_LIBRARY = "libc++";
				CLANG_ENABLE_MODULES = YES;
				CLANG_ENABLE_OBJC_ARC = YES;
				CLANG_ENABLE_OBJC_WEAK = YES;
				CLANG_WARN_BLOCK_CAPTURE_AUTORELEASING = YES;
				CLANG_WARN_BOOL_CONVERSION = YES;
				CLANG_WARN_COMMA = YES;
				CLANG_WARN_CONSTANT_CONVERSION = YES;
				CLANG_WARN_DEPRECATED_OBJC_IMPLEMENTATIONS = YES;
				CLANG_WARN_DIRECT_OBJC_ISA_USAGE = YES_ERROR;
				CLANG_WARN_DOCUMENTATION_COMMENTS = YES;
				CLANG_WARN_EMPTY_BODY = YES;
				CLANG_WARN_ENUM_CONVERSION = YES;
				CLANG_WARN_INFINITE_RECURSION = YES;
				CLANG_WARN_INT_CONVERSION = YES;
				CLANG_WARN_NON_LITERAL_NULL_CONVERSION = YES;
				CLANG_WARN_OBJC_IMPLICIT_RETAIN_SELF = YES;
				CLANG_WARN_OBJC_LITERAL_CONVERSION = YES;
				CLANG_WARN_OBJC_ROOT_CLASS = YES_ERROR;
				CLANG_WARN_RANGE_LOOP_ANALYSIS = YES;
				CLANG_WARN_STRICT_PROTOTYPES = YES;
				CLANG_WARN_SUSPICIOUS_MOVE = YES;
				CLANG_WARN_UNGUARDED_AVAILABILITY = YES_AGGRESSIVE;
				CLANG_WARN_UNREACHABLE_CODE = YES;
				CLANG_WARN__DUPLICATE_METHOD_MATCH = YES;
				CODE_SIGN_IDENTITY = "iPhone Developer";
				COPY_PHASE_STRIP = NO;
				DEBUG_INFORMATION_FORMAT = dwarf;
				ENABLE_STRICT_OBJC_MSGSEND = YES;
				ENABLE_TESTABILITY = YES;
				GCC_C_LANGUAGE_STANDARD = gnu11;
				GCC_DYNAMIC_NO_PIC = NO;
				GCC_NO_COMMON_BLOCKS = YES;
				GCC_OPTIMIZATION_LEVEL = 0;
				GCC_PREPROCESSOR_DEFINITIONS = (
					"DEBUG=1",
					"$(inherited)",
				);
				GCC_WARN_64_TO_32_BIT_CONVERSION = YES;
				GCC_WARN_ABOUT_RETURN_TYPE = YES_ERROR;
				GCC_WARN_UNDECLARED_SELECTOR = YES;
				GCC_WARN_UNINITIALIZED_AUTOS = YES_AGGRESSIVE;
				GCC_WARN_UNUSED_FUNCTION = YES;
				GCC_WARN_UNUSED_VARIABLE = YES;
				IPHONEOS_DEPLOYMENT_TARGET = 11.3;
				MTL_ENABLE_DEBUG_INFO = YES;
				ONLY_ACTIVE_ARCH = YES;
				SDKROOT = iphoneos;
				SWIFT_ACTIVE_COMPILATION_CONDITIONS = DEBUG;
				SWIFT_OPTIMIZATION_LEVEL = "-Onone";
			};
			name = Debug;
		};
		638614F8208357E600F43AE1 /* Release */ = {
			isa = XCBuildConfiguration;
			buildSettings = {
				ALWAYS_SEARCH_USER_PATHS = NO;
				CLANG_ANALYZER_NONNULL = YES;
				CLANG_ANALYZER_NUMBER_OBJECT_CONVERSION = YES_AGGRESSIVE;
				CLANG_CXX_LANGUAGE_STANDARD = "gnu++14";
				CLANG_CXX_LIBRARY = "libc++";
				CLANG_ENABLE_MODULES = YES;
				CLANG_ENABLE_OBJC_ARC = YES;
				CLANG_ENABLE_OBJC_WEAK = YES;
				CLANG_WARN_BLOCK_CAPTURE_AUTORELEASING = YES;
				CLANG_WARN_BOOL_CONVERSION = YES;
				CLANG_WARN_COMMA = YES;
				CLANG_WARN_CONSTANT_CONVERSION = YES;
				CLANG_WARN_DEPRECATED_OBJC_IMPLEMENTATIONS = YES;
				CLANG_WARN_DIRECT_OBJC_ISA_USAGE = YES_ERROR;
				CLANG_WARN_DOCUMENTATION_COMMENTS = YES;
				CLANG_WARN_EMPTY_BODY = YES;
				CLANG_WARN_ENUM_CONVERSION = YES;
				CLANG_WARN_INFINITE_RECURSION = YES;
				CLANG_WARN_INT_CONVERSION = YES;
				CLANG_WARN_NON_LITERAL_NULL_CONVERSION = YES;
				CLANG_WARN_OBJC_IMPLICIT_RETAIN_SELF = YES;
				CLANG_WARN_OBJC_LITERAL_CONVERSION = YES;
				CLANG_WARN_OBJC_ROOT_CLASS = YES_ERROR;
				CLANG_WARN_RANGE_LOOP_ANALYSIS = YES;
				CLANG_WARN_STRICT_PROTOTYPES = YES;
				CLANG_WARN_SUSPICIOUS_MOVE = YES;
				CLANG_WARN_UNGUARDED_AVAILABILITY = YES_AGGRESSIVE;
				CLANG_WARN_UNREACHABLE_CODE = YES;
				CLANG_WARN__DUPLICATE_METHOD_MATCH = YES;
				CODE_SIGN_IDENTITY = "iPhone Developer";
				COPY_PHASE_STRIP = NO;
				DEBUG_INFORMATION_FORMAT = "dwarf-with-dsym";
				ENABLE_NS_ASSERTIONS = NO;
				ENABLE_STRICT_OBJC_MSGSEND = YES;
				GCC_C_LANGUAGE_STANDARD = gnu11;
				GCC_NO_COMMON_BLOCKS = YES;
				GCC_WARN_64_TO_32_BIT_CONVERSION = YES;
				GCC_WARN_ABOUT_RETURN_TYPE = YES_ERROR;
				GCC_WARN_UNDECLARED_SELECTOR = YES;
				GCC_WARN_UNINITIALIZED_AUTOS = YES_AGGRESSIVE;
				GCC_WARN_UNUSED_FUNCTION = YES;
				GCC_WARN_UNUSED_VARIABLE = YES;
				IPHONEOS_DEPLOYMENT_TARGET = 11.3;
				MTL_ENABLE_DEBUG_INFO = NO;
				SDKROOT = iphoneos;
				SWIFT_COMPILATION_MODE = wholemodule;
				SWIFT_OPTIMIZATION_LEVEL = "-O";
				VALIDATE_PRODUCT = YES;
			};
			name = Release;
		};
		638614FA208357E600F43AE1 /* Debug */ = {
			isa = XCBuildConfiguration;
			buildSettings = {
				ASSETCATALOG_COMPILER_APPICON_NAME = AppIcon;
				CLANG_ENABLE_MODULES = YES;
				CODE_SIGN_STYLE = Automatic;
				DEVELOPMENT_TEAM = MMU6SU3DUD;
				INFOPLIST_FILE = "Texas A&M Kingsville/Info.plist";
				LD_RUNPATH_SEARCH_PATHS = (
					"$(inherited)",
					"@executable_path/Frameworks",
				);
				PRODUCT_BUNDLE_IDENTIFIER = "Mark1.Texas-A-M-Kingsville";
				PRODUCT_NAME = "$(TARGET_NAME)";
				SWIFT_OBJC_BRIDGING_HEADER = "Texas A&M Kingsville/Texas A&M Kingsville-Bridging-Header.h";
				SWIFT_OPTIMIZATION_LEVEL = "-Onone";
				SWIFT_VERSION = 4.0;
				TARGETED_DEVICE_FAMILY = 1;
			};
			name = Debug;
		};
		638614FB208357E600F43AE1 /* Release */ = {
			isa = XCBuildConfiguration;
			buildSettings = {
				ASSETCATALOG_COMPILER_APPICON_NAME = AppIcon;
				CLANG_ENABLE_MODULES = YES;
				CODE_SIGN_STYLE = Automatic;
				DEVELOPMENT_TEAM = MMU6SU3DUD;
				INFOPLIST_FILE = "Texas A&M Kingsville/Info.plist";
				LD_RUNPATH_SEARCH_PATHS = (
					"$(inherited)",
					"@executable_path/Frameworks",
				);
				PRODUCT_BUNDLE_IDENTIFIER = "Mark1.Texas-A-M-Kingsville";
				PRODUCT_NAME = "$(TARGET_NAME)";
				SWIFT_OBJC_BRIDGING_HEADER = "Texas A&M Kingsville/Texas A&M Kingsville-Bridging-Header.h";
				SWIFT_VERSION = 4.0;
				TARGETED_DEVICE_FAMILY = 1;
			};
			name = Release;
		};
/* End XCBuildConfiguration section */

/* Begin XCConfigurationList section */
		638614DF208357E300F43AE1 /* Build configuration list for PBXProject "Texas A&M Kingsville" */ = {
			isa = XCConfigurationList;
			buildConfigurations = (
				638614F7208357E600F43AE1 /* Debug */,
				638614F8208357E600F43AE1 /* Release */,
			);
			defaultConfigurationIsVisible = 0;
			defaultConfigurationName = Release;
		};
		638614F9208357E600F43AE1 /* Build configuration list for PBXNativeTarget "Texas A&M Kingsville" */ = {
			isa = XCConfigurationList;
			buildConfigurations = (
				638614FA208357E600F43AE1 /* Debug */,
				638614FB208357E600F43AE1 /* Release */,
			);
			defaultConfigurationIsVisible = 0;
			defaultConfigurationName = Release;
		};
/* End XCConfigurationList section */

/* Begin XCVersionGroup section */
		638614EE208357E300F43AE1 /* Texas_A_M_Kingsville.xcdatamodeld */ = {
			isa = XCVersionGroup;
			children = (
				638614EF208357E300F43AE1 /* Texas_A_M_Kingsville.xcdatamodel */,
			);
			currentVersion = 638614EF208357E300F43AE1 /* Texas_A_M_Kingsville.xcdatamodel */;
			path = Texas_A_M_Kingsville.xcdatamodeld;
			sourceTree = "<group>";
			versionGroupType = wrapper.xcdatamodel;
		};
/* End XCVersionGroup section */
	};
	rootObject = 638614DC208357E300F43AE1 /* Project object */;
}
